{
  "error": false,
  "message": "User plan retrieved successfully.",
  "data": {
    "username": "root",
    "password": "admin123",
    "admin": true,
    "vip": true,
    "holder": true,
    "reseller": false,
    "owner": false,
    "api": true,
    "max_time": 500,
    "cooldown": 1,
    "max_concurrents": 10,
    "max_daily_attacks": 1000,
    "attacks_today": 15,
    "attacks_remaining": 985,
    "ongoing_attacks": 0,
    "power_saving": false,
    "bypass_power": true,
    "bypass_anti_spam": false,
    "bypass_blacklist": false,
    "suspended": false,
    "created_by": "root",
    "created_at": "2026-08-14T13:55:54.466Z",
    "expiry_date": null,
    "service_name": "CAPI",
    "plan_type": "Admin",
    "rank": "Administrator",
    "discord_linked": null,
    "discord_username": null,
    "discord_linked_at": null,
    "last_attack_time": "2026-08-26T14:27:31.332Z",
    "last_request_time": "2026-08-26T14:37:04.487Z",
    "last_ip": "185.204.56.123"
  },
  "timestamp": "2026-08-26T14:43:14.611Z",
  "service": "CAPI",
  "version": "1.0.0",
  "tips": "Keep your parameters tight and your timing consistent for smoother results.",
  "ads": "Want your product featured here? Reserve an ad slot for just $5/month and get noticed."
}